
Microsoft Visual Studio Solution File, Format Version 12.00
# Visual Studio Version 17
VisualStudioVersion = 17.8.34511.84
MinimumVisualStudioVersion = 10.0.40219.1
Project("{FAE04EC0-301F-11D3-BF4B-00C04F79EFBC}") = "task01Library", "ClassLibrary\task01Library.csproj", "{1D1ECAEE-344A-46E8-ACE0-6B7BDE8ED04D}"
EndProject
Project("{FAE04EC0-301F-11D3-BF4B-00C04F79EFBC}") = "task1", "task1\task1.csproj", "{1C5A2252-EB53-4186-A20E-122953F9008B}"
EndProject
Project("{FAE04EC0-301F-11D3-BF4B-00C04F79EFBC}") = "task02Library", "task02Library\task02Library.csproj", "{33E6093C-2003-499C-B80C-8D7E170F725F}"
EndProject
Project("{FAE04EC0-301F-11D3-BF4B-00C04F79EFBC}") = "task2", "task2\task2.csproj", "{552CEEC0-1945-4A29-8780-F963309DDE8D}"
EndProject
Project("{FAE04EC0-301F-11D3-BF4B-00C04F79EFBC}") = "task03-04Library", "task03-04Library\task03-04Library.csproj", "{E7512BD9-1874-4206-AEA7-14E8B045C66D}"
EndProject
Project("{FAE04EC0-301F-11D3-BF4B-00C04F79EFBC}") = "task3", "task3\task3.csproj", "{A850A120-DBF0-42F6-84E3-78240F4DC3F9}"
EndProject
Project("{FAE04EC0-301F-11D3-BF4B-00C04F79EFBC}") = "task4", "task4\task4.csproj", "{4864D6CB-61F7-411A-A1A7-DB798AEB7C8E}"
EndProject
Project("{FAE04EC0-301F-11D3-BF4B-00C04F79EFBC}") = "task05Library", "task05Library\task05Library.csproj", "{9A279C2A-9127-4670-86F7-1A5AE4BEA062}"
EndProject
Project("{FAE04EC0-301F-11D3-BF4B-00C04F79EFBC}") = "task5", "task5\task5.csproj", "{979DE3DF-3D1C-4D08-B044-630D12BB13F4}"
EndProject
Global
	GlobalSection(SolutionConfigurationPlatforms) = preSolution
		Debug|Any CPU = Debug|Any CPU
		Release|Any CPU = Release|Any CPU
	EndGlobalSection
	GlobalSection(ProjectConfigurationPlatforms) = postSolution
		{1D1ECAEE-344A-46E8-ACE0-6B7BDE8ED04D}.Debug|Any CPU.ActiveCfg = Debug|Any CPU
		{1D1ECAEE-344A-46E8-ACE0-6B7BDE8ED04D}.Debug|Any CPU.Build.0 = Debug|Any CPU
		{1D1ECAEE-344A-46E8-ACE0-6B7BDE8ED04D}.Release|Any CPU.ActiveCfg = Release|Any CPU
		{1D1ECAEE-344A-46E8-ACE0-6B7BDE8ED04D}.Release|Any CPU.Build.0 = Release|Any CPU
		{1C5A2252-EB53-4186-A20E-122953F9008B}.Debug|Any CPU.ActiveCfg = Debug|Any CPU
		{1C5A2252-EB53-4186-A20E-122953F9008B}.Debug|Any CPU.Build.0 = Debug|Any CPU
		{1C5A2252-EB53-4186-A20E-122953F9008B}.Release|Any CPU.ActiveCfg = Release|Any CPU
		{1C5A2252-EB53-4186-A20E-122953F9008B}.Release|Any CPU.Build.0 = Release|Any CPU
		{33E6093C-2003-499C-B80C-8D7E170F725F}.Debug|Any CPU.ActiveCfg = Debug|Any CPU
		{33E6093C-2003-499C-B80C-8D7E170F725F}.Debug|Any CPU.Build.0 = Debug|Any CPU
		{33E6093C-2003-499C-B80C-8D7E170F725F}.Release|Any CPU.ActiveCfg = Release|Any CPU
		{33E6093C-2003-499C-B80C-8D7E170F725F}.Release|Any CPU.Build.0 = Release|Any CPU
		{552CEEC0-1945-4A29-8780-F963309DDE8D}.Debug|Any CPU.ActiveCfg = Debug|Any CPU
		{552CEEC0-1945-4A29-8780-F963309DDE8D}.Debug|Any CPU.Build.0 = Debug|Any CPU
		{552CEEC0-1945-4A29-8780-F963309DDE8D}.Release|Any CPU.ActiveCfg = Release|Any CPU
		{552CEEC0-1945-4A29-8780-F963309DDE8D}.Release|Any CPU.Build.0 = Release|Any CPU
		{E7512BD9-1874-4206-AEA7-14E8B045C66D}.Debug|Any CPU.ActiveCfg = Debug|Any CPU
		{E7512BD9-1874-4206-AEA7-14E8B045C66D}.Debug|Any CPU.Build.0 = Debug|Any CPU
		{E7512BD9-1874-4206-AEA7-14E8B045C66D}.Release|Any CPU.ActiveCfg = Release|Any CPU
		{E7512BD9-1874-4206-AEA7-14E8B045C66D}.Release|Any CPU.Build.0 = Release|Any CPU
		{A850A120-DBF0-42F6-84E3-78240F4DC3F9}.Debug|Any CPU.ActiveCfg = Debug|Any CPU
		{A850A120-DBF0-42F6-84E3-78240F4DC3F9}.Debug|Any CPU.Build.0 = Debug|Any CPU
		{A850A120-DBF0-42F6-84E3-78240F4DC3F9}.Release|Any CPU.ActiveCfg = Release|Any CPU
		{A850A120-DBF0-42F6-84E3-78240F4DC3F9}.Release|Any CPU.Build.0 = Release|Any CPU
		{4864D6CB-61F7-411A-A1A7-DB798AEB7C8E}.Debug|Any CPU.ActiveCfg = Debug|Any CPU
		{4864D6CB-61F7-411A-A1A7-DB798AEB7C8E}.Debug|Any CPU.Build.0 = Debug|Any CPU
		{4864D6CB-61F7-411A-A1A7-DB798AEB7C8E}.Release|Any CPU.ActiveCfg = Release|Any CPU
		{4864D6CB-61F7-411A-A1A7-DB798AEB7C8E}.Release|Any CPU.Build.0 = Release|Any CPU
		{9A279C2A-9127-4670-86F7-1A5AE4BEA062}.Debug|Any CPU.ActiveCfg = Debug|Any CPU
		{9A279C2A-9127-4670-86F7-1A5AE4BEA062}.Debug|Any CPU.Build.0 = Debug|Any CPU
		{9A279C2A-9127-4670-86F7-1A5AE4BEA062}.Release|Any CPU.ActiveCfg = Release|Any CPU
		{9A279C2A-9127-4670-86F7-1A5AE4BEA062}.Release|Any CPU.Build.0 = Release|Any CPU
		{979DE3DF-3D1C-4D08-B044-630D12BB13F4}.Debug|Any CPU.ActiveCfg = Debug|Any CPU
		{979DE3DF-3D1C-4D08-B044-630D12BB13F4}.Debug|Any CPU.Build.0 = Debug|Any CPU
		{979DE3DF-3D1C-4D08-B044-630D12BB13F4}.Release|Any CPU.ActiveCfg = Release|Any CPU
		{979DE3DF-3D1C-4D08-B044-630D12BB13F4}.Release|Any CPU.Build.0 = Release|Any CPU
	EndGlobalSection
	GlobalSection(SolutionProperties) = preSolution
		HideSolutionNode = FALSE
	EndGlobalSection
	GlobalSection(ExtensibilityGlobals) = postSolution
		SolutionGuid = {63CB71A3-E4D0-469F-B71B-2FC22E9BD74E}
	EndGlobalSection
EndGlobal
